github.com/gorilla/websocket v1.4.2 h1:+/TMaTYc4QFitKJxsQ7Yye35DkWvkdLcvGKqM+x0Ufc=
github.com/gorilla/websocket v1.4.2/go.mod h1:YR8l580nyteQvAITg2hZ9XVh4b55+EU/adAjf1fMHhE=
github.com/jart/gosip v0.0.0-20200629215808-4e7924e19438 h1:99EsI92lz0oKm+8rThiPJaxACTQgbQFSwN+WHEQF2PM=
github.com/jart/gosip v0.0.0-20200629215808-4e7924e19438/go.mod h1:pLqHw0l24s7B/i+bBauWzg3oF8z+78wfh/8MnRce81Q=
github.com/thanhpk/randstr v1.0.4 h1:IN78qu/bR+My+gHCvMEXhR/i5oriVHcTB/BJJIRTsNo=
github.com/thanhpk/randstr v1.0.4/go.mod h1:M/H2P1eNLZzlDwAzpkkkUvoyNNMbzRGhESZuEQk3r0U=
github.com/wernerd/GoRTP v0.0.0-20191206100804-75c6a1c64532 h1:ArPnzV35847cYJRoYrSJNcJB+bwH3hc6Ej/B3PWrTZo=
github.com/wernerd/GoRTP v0.0.0-20191206100804-75c6a1c64532/go.mod h1:ioxC5krSXj8uaqqRPoeCSURAqfxeLNuq8RAt2+erdgk=
